
Microsoft Visual Studio Solution File, Format Version 12.00
# Visual Studio Version 17
VisualStudioVersion = 17.3.32819.101
MinimumVisualStudioVersion = 10.0.40219.1
Project("{9A19103F-16F7-4668-BE54-9A1E7A4F7556}") = "RomanNumerals.Tests", "RomanNumerals.Tests\RomanNumerals.Tests.csproj", "{BF770827-2911-4C79-8033-C37BD0641D10}"
EndProject
Project("{9A19103F-16F7-4668-BE54-9A1E7A4F7556}") = "RomanNumeralsNamespace", "RomanNumeralsNamespace\RomanNumeralsNamespace.csproj", "{58D33D3C-2650-4FB5-B461-8A618CFF2819}"
EndProject
Global
	GlobalSection(SolutionConfigurationPlatforms) = preSolution
		Debug|Any CPU = Debug|Any CPU
		Release|Any CPU = Release|Any CPU
	EndGlobalSection
	GlobalSection(ProjectConfigurationPlatforms) = postSolution
		{BF770827-2911-4C79-8033-C37BD0641D10}.Debug|Any CPU.ActiveCfg = Debug|Any CPU
		{BF770827-2911-4C79-8033-C37BD0641D10}.Debug|Any CPU.Build.0 = Debug|Any CPU
		{BF770827-2911-4C79-8033-C37BD0641D10}.Release|Any CPU.ActiveCfg = Release|Any CPU
		{BF770827-2911-4C79-8033-C37BD0641D10}.Release|Any CPU.Build.0 = Release|Any CPU
		{58D33D3C-2650-4FB5-B461-8A618CFF2819}.Debug|Any CPU.ActiveCfg = Debug|Any CPU
		{58D33D3C-2650-4FB5-B461-8A618CFF2819}.Debug|Any CPU.Build.0 = Debug|Any CPU
		{58D33D3C-2650-4FB5-B461-8A618CFF2819}.Release|Any CPU.ActiveCfg = Release|Any CPU
		{58D33D3C-2650-4FB5-B461-8A618CFF2819}.Release|Any CPU.Build.0 = Release|Any CPU
	EndGlobalSection
	GlobalSection(SolutionProperties) = preSolution
		HideSolutionNode = FALSE
	EndGlobalSection
	GlobalSection(ExtensibilityGlobals) = postSolution
		SolutionGuid = {726BCDF6-838F-4AE0-BE25-62E4A1B2E054}
	EndGlobalSection
EndGlobal
